
Microsoft Visual Studio Solution File, Format Version 12.00
# Visual Studio Version 16
VisualStudioVersion = 16.0.31624.102
MinimumVisualStudioVersion = 10.0.40219.1
Project("{8BC9CEB8-8B4A-11D0-8D11-00A0C91BC942}") = "c++实验1", "c++实验1.vcxproj", "{74539E3D-6577-4E52-BF31-A74EBD241C3C}"
EndProject
Global
	GlobalSection(SolutionConfigurationPlatforms) = preSolution
		Debug|x64 = Debug|x64
		Debug|x86 = Debug|x86
		Release|x64 = Release|x64
		Release|x86 = Release|x86
	EndGlobalSection
	GlobalSection(ProjectConfigurationPlatforms) = postSolution
		{74539E3D-6577-4E52-BF31-A74EBD241C3C}.Debug|x64.ActiveCfg = Debug|x64
		{74539E3D-6577-4E52-BF31-A74EBD241C3C}.Debug|x64.Build.0 = Debug|x64
		{74539E3D-6577-4E52-BF31-A74EBD241C3C}.Debug|x86.ActiveCfg = Debug|Win32
		{74539E3D-6577-4E52-BF31-A74EBD241C3C}.Debug|x86.Build.0 = Debug|Win32
		{74539E3D-6577-4E52-BF31-A74EBD241C3C}.Release|x64.ActiveCfg = Release|x64
		{74539E3D-6577-4E52-BF31-A74EBD241C3C}.Release|x64.Build.0 = Release|x64
		{74539E3D-6577-4E52-BF31-A74EBD241C3C}.Release|x86.ActiveCfg = Release|Win32
		{74539E3D-6577-4E52-BF31-A74EBD241C3C}.Release|x86.Build.0 = Release|Win32
	EndGlobalSection
	GlobalSection(SolutionProperties) = preSolution
		HideSolutionNode = FALSE
	EndGlobalSection
	GlobalSection(ExtensibilityGlobals) = postSolution
		SolutionGuid = {3AEE7A0E-FC3C-4E07-8DF8-872B68920D49}
	EndGlobalSection
EndGlobal
